
Microsoft Visual Studio Solution File, Format Version 12.00
# Visual Studio Version 16
VisualStudioVersion = 16.0.31911.196
MinimumVisualStudioVersion = 10.0.40219.1
Project("{FAE04EC0-301F-11D3-BF4B-00C04F79EFBC}") = "RSS Feed Windows Service", "RSS Feed Windows Service\RSS Feed Windows Service.csproj", "{5C386A7F-42EA-4370-9AC9-99CE29AA5598}"
EndProject
Global
	GlobalSection(SolutionConfigurationPlatforms) = preSolution
		Debug|Any CPU = Debug|Any CPU
		Release|Any CPU = Release|Any CPU
	EndGlobalSection
	GlobalSection(ProjectConfigurationPlatforms) = postSolution
		{5C386A7F-42EA-4370-9AC9-99CE29AA5598}.Debug|Any CPU.ActiveCfg = Debug|Any CPU
		{5C386A7F-42EA-4370-9AC9-99CE29AA5598}.Debug|Any CPU.Build.0 = Debug|Any CPU
		{5C386A7F-42EA-4370-9AC9-99CE29AA5598}.Release|Any CPU.ActiveCfg = Release|Any CPU
		{5C386A7F-42EA-4370-9AC9-99CE29AA5598}.Release|Any CPU.Build.0 = Release|Any CPU
	EndGlobalSection
	GlobalSection(SolutionProperties) = preSolution
		HideSolutionNode = FALSE
	EndGlobalSection
	GlobalSection(ExtensibilityGlobals) = postSolution
		SolutionGuid = {B30DF15F-0E46-4FDE-84E3-DF60D8BFE440}
	EndGlobalSection
EndGlobal
