
Microsoft Visual Studio Solution File, Format Version 12.00
# Visual Studio Version 16
VisualStudioVersion = 16.0.31911.196
MinimumVisualStudioVersion = 10.0.40219.1
Project("{FAE04EC0-301F-11D3-BF4B-00C04F79EFBC}") = "K181292_Q1", "K181292_Q1\K181292_Q1.csproj", "{2C41A195-8387-487A-B4B1-FC3068001FD9}"
EndProject
Global
	GlobalSection(SolutionConfigurationPlatforms) = preSolution
		Debug|Any CPU = Debug|Any CPU
		Release|Any CPU = Release|Any CPU
	EndGlobalSection
	GlobalSection(ProjectConfigurationPlatforms) = postSolution
		{2C41A195-8387-487A-B4B1-FC3068001FD9}.Debug|Any CPU.ActiveCfg = Debug|Any CPU
		{2C41A195-8387-487A-B4B1-FC3068001FD9}.Debug|Any CPU.Build.0 = Debug|Any CPU
		{2C41A195-8387-487A-B4B1-FC3068001FD9}.Release|Any CPU.ActiveCfg = Release|Any CPU
		{2C41A195-8387-487A-B4B1-FC3068001FD9}.Release|Any CPU.Build.0 = Release|Any CPU
	EndGlobalSection
	GlobalSection(SolutionProperties) = preSolution
		HideSolutionNode = FALSE
	EndGlobalSection
	GlobalSection(ExtensibilityGlobals) = postSolution
		SolutionGuid = {4FF07A3C-BECD-4426-BB57-3F04134B4546}
	EndGlobalSection
EndGlobal
